
Microsoft Visual Studio Solution File, Format Version 12.00
# Visual Studio 15
VisualStudioVersion = 15.0.27428.2005
MinimumVisualStudioVersion = 10.0.40219.1
Project("{FAE04EC0-301F-11D3-BF4B-00C04F79EFBC}") = "Epam.Task2.Rectangle", "Epam.Task2.Rectangle\Epam.Task2.Rectangle.csproj", "{8A8E472E-0902-4470-ADC6-4D0F7452DD9A}"
EndProject
Project("{FAE04EC0-301F-11D3-BF4B-00C04F79EFBC}") = "Epam.Task2.Triangle", "Epam.Task2.Triangle\Epam.Task2.Triangle.csproj", "{7C3B7536-0EF0-4A64-931F-D4E79DB420CD}"
EndProject
Project("{FAE04EC0-301F-11D3-BF4B-00C04F79EFBC}") = "Epam.Task2.AnotherTriangle", "Epam.Task2.AnotherTriangle\Epam.Task2.AnotherTriangle.csproj", "{9D9A0487-A1C9-433A-8511-34A99EB25350}"
EndProject
Project("{FAE04EC0-301F-11D3-BF4B-00C04F79EFBC}") = "Epam.Task2.XmasTree", "Epam.Task2.XmasTree\Epam.Task2.XmasTree.csproj", "{00097604-E944-4550-8D1B-D3C128CD4F6A}"
EndProject
Project("{FAE04EC0-301F-11D3-BF4B-00C04F79EFBC}") = "Epam.Task2.SumOfNumbers", "Epam.Task2.SumOfNumbers\Epam.Task2.SumOfNumbers.csproj", "{106BA970-583B-46F9-8010-E0E6312182C5}"
EndProject
Project("{FAE04EC0-301F-11D3-BF4B-00C04F79EFBC}") = "Epam.Task2.FontAdjustment", "Epam.Task2.FontAdjustment\Epam.Task2.FontAdjustment.csproj", "{7B4A1997-4808-4EE6-A05F-8006410FFECD}"
EndProject
Project("{FAE04EC0-301F-11D3-BF4B-00C04F79EFBC}") = "Epam.Task2.ArrayProcessing", "Epam.Task2.ArrayProcessing\Epam.Task2.ArrayProcessing.csproj", "{4306925E-480C-4368-8BEC-1F8A29D4174F}"
EndProject
Project("{FAE04EC0-301F-11D3-BF4B-00C04F79EFBC}") = "Epam.Task2.NoPositive", "Epam.Task2.NoPositive\Epam.Task2.NoPositive.csproj", "{2C08C8AD-9B7A-4E23-94F1-C9D87B6C8939}"
EndProject
Project("{FAE04EC0-301F-11D3-BF4B-00C04F79EFBC}") = "Epam.Task2.NonNegativeSum", "Epam.Task2.NonNegativeSum\Epam.Task2.NonNegativeSum.csproj", "{DAA04AA1-546D-40F9-AF68-EC6E28C51AB8}"
EndProject
Project("{FAE04EC0-301F-11D3-BF4B-00C04F79EFBC}") = "Epam.Task2.Array2D", "Epam.Task2.Array2D\Epam.Task2.Array2D.csproj", "{413FD818-40C1-40A4-BA14-2F5F632771B3}"
EndProject
Project("{FAE04EC0-301F-11D3-BF4B-00C04F79EFBC}") = "Epam.Task2.AverageStringLength", "Epam.Task2.AverageStringLength\Epam.Task2.AverageStringLength.csproj", "{1E9FBB2F-0494-4137-B6D0-6B008D4D1A52}"
EndProject
Global
	GlobalSection(SolutionConfigurationPlatforms) = preSolution
		Debug|Any CPU = Debug|Any CPU
		Release|Any CPU = Release|Any CPU
	EndGlobalSection
	GlobalSection(ProjectConfigurationPlatforms) = postSolution
		{8A8E472E-0902-4470-ADC6-4D0F7452DD9A}.Debug|Any CPU.ActiveCfg = Debug|Any CPU
		{8A8E472E-0902-4470-ADC6-4D0F7452DD9A}.Debug|Any CPU.Build.0 = Debug|Any CPU
		{8A8E472E-0902-4470-ADC6-4D0F7452DD9A}.Release|Any CPU.ActiveCfg = Release|Any CPU
		{8A8E472E-0902-4470-ADC6-4D0F7452DD9A}.Release|Any CPU.Build.0 = Release|Any CPU
		{7C3B7536-0EF0-4A64-931F-D4E79DB420CD}.Debug|Any CPU.ActiveCfg = Debug|Any CPU
		{7C3B7536-0EF0-4A64-931F-D4E79DB420CD}.Debug|Any CPU.Build.0 = Debug|Any CPU
		{7C3B7536-0EF0-4A64-931F-D4E79DB420CD}.Release|Any CPU.ActiveCfg = Release|Any CPU
		{7C3B7536-0EF0-4A64-931F-D4E79DB420CD}.Release|Any CPU.Build.0 = Release|Any CPU
		{9D9A0487-A1C9-433A-8511-34A99EB25350}.Debug|Any CPU.ActiveCfg = Debug|Any CPU
		{9D9A0487-A1C9-433A-8511-34A99EB25350}.Debug|Any CPU.Build.0 = Debug|Any CPU
		{9D9A0487-A1C9-433A-8511-34A99EB25350}.Release|Any CPU.ActiveCfg = Release|Any CPU
		{9D9A0487-A1C9-433A-8511-34A99EB25350}.Release|Any CPU.Build.0 = Release|Any CPU
		{00097604-E944-4550-8D1B-D3C128CD4F6A}.Debug|Any CPU.ActiveCfg = Debug|Any CPU
		{00097604-E944-4550-8D1B-D3C128CD4F6A}.Debug|Any CPU.Build.0 = Debug|Any CPU
		{00097604-E944-4550-8D1B-D3C128CD4F6A}.Release|Any CPU.ActiveCfg = Release|Any CPU
		{00097604-E944-4550-8D1B-D3C128CD4F6A}.Release|Any CPU.Build.0 = Release|Any CPU
		{106BA970-583B-46F9-8010-E0E6312182C5}.Debug|Any CPU.ActiveCfg = Debug|Any CPU
		{106BA970-583B-46F9-8010-E0E6312182C5}.Debug|Any CPU.Build.0 = Debug|Any CPU
		{106BA970-583B-46F9-8010-E0E6312182C5}.Release|Any CPU.ActiveCfg = Release|Any CPU
		{106BA970-583B-46F9-8010-E0E6312182C5}.Release|Any CPU.Build.0 = Release|Any CPU
		{7B4A1997-4808-4EE6-A05F-8006410FFECD}.Debug|Any CPU.ActiveCfg = Debug|Any CPU
		{7B4A1997-4808-4EE6-A05F-8006410FFECD}.Debug|Any CPU.Build.0 = Debug|Any CPU
		{7B4A1997-4808-4EE6-A05F-8006410FFECD}.Release|Any CPU.ActiveCfg = Release|Any CPU
		{7B4A1997-4808-4EE6-A05F-8006410FFECD}.Release|Any CPU.Build.0 = Release|Any CPU
		{4306925E-480C-4368-8BEC-1F8A29D4174F}.Debug|Any CPU.ActiveCfg = Debug|Any CPU
		{4306925E-480C-4368-8BEC-1F8A29D4174F}.Debug|Any CPU.Build.0 = Debug|Any CPU
		{4306925E-480C-4368-8BEC-1F8A29D4174F}.Release|Any CPU.ActiveCfg = Release|Any CPU
		{4306925E-480C-4368-8BEC-1F8A29D4174F}.Release|Any CPU.Build.0 = Release|Any CPU
		{2C08C8AD-9B7A-4E23-94F1-C9D87B6C8939}.Debug|Any CPU.ActiveCfg = Debug|Any CPU
		{2C08C8AD-9B7A-4E23-94F1-C9D87B6C8939}.Debug|Any CPU.Build.0 = Debug|Any CPU
		{2C08C8AD-9B7A-4E23-94F1-C9D87B6C8939}.Release|Any CPU.ActiveCfg = Release|Any CPU
		{2C08C8AD-9B7A-4E23-94F1-C9D87B6C8939}.Release|Any CPU.Build.0 = Release|Any CPU
		{DAA04AA1-546D-40F9-AF68-EC6E28C51AB8}.Debug|Any CPU.ActiveCfg = Debug|Any CPU
		{DAA04AA1-546D-40F9-AF68-EC6E28C51AB8}.Debug|Any CPU.Build.0 = Debug|Any CPU
		{DAA04AA1-546D-40F9-AF68-EC6E28C51AB8}.Release|Any CPU.ActiveCfg = Release|Any CPU
		{DAA04AA1-546D-40F9-AF68-EC6E28C51AB8}.Release|Any CPU.Build.0 = Release|Any CPU
		{413FD818-40C1-40A4-BA14-2F5F632771B3}.Debug|Any CPU.ActiveCfg = Debug|Any CPU
		{413FD818-40C1-40A4-BA14-2F5F632771B3}.Debug|Any CPU.Build.0 = Debug|Any CPU
		{413FD818-40C1-40A4-BA14-2F5F632771B3}.Release|Any CPU.ActiveCfg = Release|Any CPU
		{413FD818-40C1-40A4-BA14-2F5F632771B3}.Release|Any CPU.Build.0 = Release|Any CPU
		{1E9FBB2F-0494-4137-B6D0-6B008D4D1A52}.Debug|Any CPU.ActiveCfg = Debug|Any CPU
		{1E9FBB2F-0494-4137-B6D0-6B008D4D1A52}.Debug|Any CPU.Build.0 = Debug|Any CPU
		{1E9FBB2F-0494-4137-B6D0-6B008D4D1A52}.Release|Any CPU.ActiveCfg = Release|Any CPU
		{1E9FBB2F-0494-4137-B6D0-6B008D4D1A52}.Release|Any CPU.Build.0 = Release|Any CPU
	EndGlobalSection
	GlobalSection(SolutionProperties) = preSolution
		HideSolutionNode = FALSE
	EndGlobalSection
	GlobalSection(ExtensibilityGlobals) = postSolution
		SolutionGuid = {4CC783A8-F835-44CF-AD9C-F8D1CFEF53F4}
	EndGlobalSection
EndGlobal
