
Microsoft Visual Studio Solution File, Format Version 12.00
# Visual Studio 15
VisualStudioVersion = 15.0.27428.2005
MinimumVisualStudioVersion = 10.0.40219.1
Project("{FAE04EC0-301F-11D3-BF4B-00C04F79EFBC}") = "Epam.Task1.Simple", "Epam.Task1.Simple\Epam.Task1.Simple.csproj", "{39BF44DB-00D1-453B-A634-5C668D35B22C}"
EndProject
Project("{FAE04EC0-301F-11D3-BF4B-00C04F79EFBC}") = "Epam.Task1.Sequence", "Epam.Task1.Sequence\Epam.Task1.Sequence.csproj", "{477F3613-F0C9-45B7-8AE1-1C9893F8D988}"
EndProject
Project("{FAE04EC0-301F-11D3-BF4B-00C04F79EFBC}") = "Epam.Task1.Square", "Epam.Task1.Square\Epam.Task1.Square.csproj", "{AE52D865-B795-4C17-AC2B-EB3F2921CB75}"
EndProject
Global
	GlobalSection(SolutionConfigurationPlatforms) = preSolution
		Debug|Any CPU = Debug|Any CPU
		Release|Any CPU = Release|Any CPU
	EndGlobalSection
	GlobalSection(ProjectConfigurationPlatforms) = postSolution
		{39BF44DB-00D1-453B-A634-5C668D35B22C}.Debug|Any CPU.ActiveCfg = Debug|Any CPU
		{39BF44DB-00D1-453B-A634-5C668D35B22C}.Debug|Any CPU.Build.0 = Debug|Any CPU
		{39BF44DB-00D1-453B-A634-5C668D35B22C}.Release|Any CPU.ActiveCfg = Release|Any CPU
		{39BF44DB-00D1-453B-A634-5C668D35B22C}.Release|Any CPU.Build.0 = Release|Any CPU
		{477F3613-F0C9-45B7-8AE1-1C9893F8D988}.Debug|Any CPU.ActiveCfg = Debug|Any CPU
		{477F3613-F0C9-45B7-8AE1-1C9893F8D988}.Debug|Any CPU.Build.0 = Debug|Any CPU
		{477F3613-F0C9-45B7-8AE1-1C9893F8D988}.Release|Any CPU.ActiveCfg = Release|Any CPU
		{477F3613-F0C9-45B7-8AE1-1C9893F8D988}.Release|Any CPU.Build.0 = Release|Any CPU
		{AE52D865-B795-4C17-AC2B-EB3F2921CB75}.Debug|Any CPU.ActiveCfg = Debug|Any CPU
		{AE52D865-B795-4C17-AC2B-EB3F2921CB75}.Debug|Any CPU.Build.0 = Debug|Any CPU
		{AE52D865-B795-4C17-AC2B-EB3F2921CB75}.Release|Any CPU.ActiveCfg = Release|Any CPU
		{AE52D865-B795-4C17-AC2B-EB3F2921CB75}.Release|Any CPU.Build.0 = Release|Any CPU
	EndGlobalSection
	GlobalSection(SolutionProperties) = preSolution
		HideSolutionNode = FALSE
	EndGlobalSection
	GlobalSection(ExtensibilityGlobals) = postSolution
		SolutionGuid = {B79B793A-83DB-4ECA-BCC7-F83712B185A0}
	EndGlobalSection
EndGlobal
